// !$*UTF8*$!
{
	archiveVersion = 1;
	classes = {
	};
	objectVersion = 56;
	objects = {

/* Begin PBXBuildFile section */
		30578D7A2AB57CEB00F27F4C /* CalorieTrackingApp.swift in Sources */ = {isa = PBXBuildFile; fileRef = 30578D792AB57CEB00F27F4C /* CalorieTrackingApp.swift */; };
		30578D7C2AB57CEB00F27F4C /* Persistence.swift in Sources */ = {isa = PBXBuildFile; fileRef = 30578D7B2AB57CEB00F27F4C /* Persistence.swift */; };
		30578D7F2AB57CEB00F27F4C /* CalorieTracking.xcdatamodeld in Sources */ = {isa = PBXBuildFile; fileRef = 30578D7D2AB57CEB00F27F4C /* CalorieTracking.xcdatamodeld */; };
		30578D812AB57CEB00F27F4C /* ContentView.swift in Sources */ = {isa = PBXBuildFile; fileRef = 30578D802AB57CEB00F27F4C /* ContentView.swift */; };
		30578D832AB57CEC00F27F4C /* Assets.xcassets in Resources */ = {isa = PBXBuildFile; fileRef = 30578D822AB57CEC00F27F4C /* Assets.xcassets */; };
		30578D872AB57CEC00F27F4C /* Preview Assets.xcassets in Resources */ = {isa = PBXBuildFile; fileRef = 30578D862AB57CEC00F27F4C /* Preview Assets.xcassets */; };
		30578D902AB57D9900F27F4C /* ConfettiSwiftUI in Frameworks */ = {isa = PBXBuildFile; productRef = 30578D8F2AB57D9900F27F4C /* ConfettiSwiftUI */; };
		30578D922AB57DE000F27F4C /* ProgressBar.swift in Sources */ = {isa = PBXBuildFile; fileRef = 30578D912AB57DE000F27F4C /* ProgressBar.swift */; };
		3096CBB92AB7FE760078A110 /* CaloricInfo+CoreDataClass.swift in Sources */ = {isa = PBXBuildFile; fileRef = 3096CBB72AB7FE760078A110 /* CaloricInfo+CoreDataClass.swift */; };
		3096CBBA2AB7FE760078A110 /* CaloricInfo+CoreDataProperties.swift in Sources */ = {isa = PBXBuildFile; fileRef = 3096CBB82AB7FE760078A110 /* CaloricInfo+CoreDataProperties.swift */; };
/* End PBXBuildFile section */

/* Begin PBXFileReference section */
		30578D762AB57CEB00F27F4C /* CalorieTracking.app */ = {isa = PBXFileReference; explicitFileType = wrapper.application; includeInIndex = 0; path = CalorieTracking.app; sourceTree = BUILT_PRODUCTS_DIR; };
		30578D792AB57CEB00F27F4C /* CalorieTrackingApp.swift */ = {isa = PBXFileReference; lastKnownFileType = sourcecode.swift; path = CalorieTrackingApp.swift; sourceTree = "<group>"; };
		30578D7B2AB57CEB00F27F4C /* Persistence.swift */ = {isa = PBXFileReference; lastKnownFileType = sourcecode.swift; path = Persistence.swift; sourceTree = "<group>"; };
		30578D7E2AB57CEB00F27F4C /* CalorieTracking.xcdatamodel */ = {isa = PBXFileReference; lastKnownFileType = wrapper.xcdatamodel; path = CalorieTracking.xcdatamodel; sourceTree = "<group>"; };
		30578D802AB57CEB00F27F4C /* ContentView.swift */ = {isa = PBXFileReference; lastKnownFileType = sourcecode.swift; path = ContentView.swift; sourceTree = "<group>"; };
		30578D822AB57CEC00F27F4C /* Assets.xcassets */ = {isa = PBXFileReference; lastKnownFileType = folder.assetcatalog; path = Assets.xcassets; sourceTree = "<group>"; };
		30578D842AB57CEC00F27F4C /* CalorieTracking.entitlements */ = {isa = PBXFileReference; lastKnownFileType = text.plist.entitlements; path = CalorieTracking.entitlements; sourceTree = "<group>"; };
		30578D862AB57CEC00F27F4C /* Preview Assets.xcassets */ = {isa = PBXFileReference; lastKnownFileType = folder.assetcatalog; path = "Preview Assets.xcassets"; sourceTree = "<group>"; };
		30578D912AB57DE000F27F4C /* ProgressBar.swift */ = {isa = PBXFileReference; lastKnownFileType = sourcecode.swift; path = ProgressBar.swift; sourceTree = "<group>"; };
		3096CBB72AB7FE760078A110 /* CaloricInfo+CoreDataClass.swift */ = {isa = PBXFileReference; lastKnownFileType = sourcecode.swift; path = "CaloricInfo+CoreDataClass.swift"; sourceTree = "<group>"; };
		3096CBB82AB7FE760078A110 /* CaloricInfo+CoreDataProperties.swift */ = {isa = PBXFileReference; lastKnownFileType = sourcecode.swift; path = "CaloricInfo+CoreDataProperties.swift"; sourceTree = "<group>"; };
/* End PBXFileReference section */

/* Begin PBXFrameworksBuildPhase section */
		30578D732AB57CEB00F27F4C /* Frameworks */ = {
			isa = PBXFrameworksBuildPhase;
			buildActionMask = 2147483647;
			files = (
				30578D902AB57D9900F27F4C /* ConfettiSwiftUI in Frameworks */,
			);
			runOnlyForDeploymentPostprocessing = 0;
		};
/* End PBXFrameworksBuildPhase section */

/* Begin PBXGroup section */
		30578D6D2AB57CEB00F27F4C = {
			isa = PBXGroup;
			children = (
				30578D782AB57CEB00F27F4C /* CalorieTracking */,
				30578D772AB57CEB00F27F4C /* Products */,
			);
			sourceTree = "<group>";
		};
		30578D772AB57CEB00F27F4C /* Products */ = {
			isa = PBXGroup;
			children = (
				30578D762AB57CEB00F27F4C /* CalorieTracking.app */,
			);
			name = Products;
			sourceTree = "<group>";
		};
		30578D782AB57CEB00F27F4C /* CalorieTracking */ = {
			isa = PBXGroup;
			children = (
				30D221732AB581ED0061895E /* Model */,
				30578D792AB57CEB00F27F4C /* CalorieTrackingApp.swift */,
				30578D7B2AB57CEB00F27F4C /* Persistence.swift */,
				30578D802AB57CEB00F27F4C /* ContentView.swift */,
				30578D912AB57DE000F27F4C /* ProgressBar.swift */,
				30578D822AB57CEC00F27F4C /* Assets.xcassets */,
				30578D842AB57CEC00F27F4C /* CalorieTracking.entitlements */,
				30578D852AB57CEC00F27F4C /* Preview Content */,
			);
			path = CalorieTracking;
			sourceTree = "<group>";
		};
		30578D852AB57CEC00F27F4C /* Preview Content */ = {
			isa = PBXGroup;
			children = (
				30578D862AB57CEC00F27F4C /* Preview Assets.xcassets */,
			);
			path = "Preview Content";
			sourceTree = "<group>";
		};
		30D221732AB581ED0061895E /* Model */ = {
			isa = PBXGroup;
			children = (
				30578D7D2AB57CEB00F27F4C /* CalorieTracking.xcdatamodeld */,
				3096CBB72AB7FE760078A110 /* CaloricInfo+CoreDataClass.swift */,
				3096CBB82AB7FE760078A110 /* CaloricInfo+CoreDataProperties.swift */,
			);
			path = Model;
			sourceTree = "<group>";
		};
/* End PBXGroup section */

/* Begin PBXNativeTarget section */
		30578D752AB57CEB00F27F4C /* CalorieTracking */ = {
			isa = PBXNativeTarget;
			buildConfigurationList = 30578D8A2AB57CEC00F27F4C /* Build configuration list for PBXNativeTarget "CalorieTracking" */;
			buildPhases = (
				30578D722AB57CEB00F27F4C /* Sources */,
				30578D732AB57CEB00F27F4C /* Frameworks */,
				30578D742AB57CEB00F27F4C /* Resources */,
			);
			buildRules = (
			);
			dependencies = (
			);
			name = CalorieTracking;
			packageProductDependencies = (
				30578D8F2AB57D9900F27F4C /* ConfettiSwiftUI */,
			);
			productName = CalorieTracking;
			productReference = 30578D762AB57CEB00F27F4C /* CalorieTracking.app */;
			productType = "com.apple.product-type.application";
		};
/* End PBXNativeTarget section */

/* Begin PBXProject section */
		30578D6E2AB57CEB00F27F4C /* Project object */ = {
			isa = PBXProject;
			attributes = {
				BuildIndependentTargetsInParallel = 1;
				LastSwiftUpdateCheck = 1430;
				LastUpgradeCheck = 1430;
				TargetAttributes = {
					30578D752AB57CEB00F27F4C = {
						CreatedOnToolsVersion = 14.3.1;
					};
				};
			};
			buildConfigurationList = 30578D712AB57CEB00F27F4C /* Build configuration list for PBXProject "CalorieTracking" */;
			compatibilityVersion = "Xcode 14.0";
			developmentRegion = en;
			hasScannedForEncodings = 0;
			knownRegions = (
				en,
				Base,
			);
			mainGroup = 30578D6D2AB57CEB00F27F4C;
			packageReferences = (
				30578D8E2AB57D9900F27F4C /* XCRemoteSwiftPackageReference "ConfettiSwiftUI" */,
			);
			productRefGroup = 30578D772AB57CEB00F27F4C /* Products */;
			projectDirPath = "";
			projectRoot = "";
			targets = (
				30578D752AB57CEB00F27F4C /* CalorieTracking */,
			);
		};
/* End PBXProject section */

/* Begin PBXResourcesBuildPhase section */
		30578D742AB57CEB00F27F4C /* Resources */ = {
			isa = PBXResourcesBuildPhase;
			buildActionMask = 2147483647;
			files = (
				30578D872AB57CEC00F27F4C /* Preview Assets.xcassets in Resources */,
				30578D832AB57CEC00F27F4C /* Assets.xcassets in Resources */,
			);
			runOnlyForDeploymentPostprocessing = 0;
		};
/* End PBXResourcesBuildPhase section */

/* Begin PBXSourcesBuildPhase section */
		30578D722AB57CEB00F27F4C /* Sources */ = {
			isa = PBXSourcesBuildPhase;
			buildActionMask = 2147483647;
			files = (
				30578D7F2AB57CEB00F27F4C /* CalorieTracking.xcdatamodeld in Sources */,
				30578D7A2AB57CEB00F27F4C /* CalorieTrackingApp.swift in Sources */,
				3096CBBA2AB7FE760078A110 /* CaloricInfo+CoreDataProperties.swift in Sources */,
				30578D812AB57CEB00F27F4C /* ContentView.swift in Sources */,
				30578D922AB57DE000F27F4C /* ProgressBar.swift in Sources */,
				30578D7C2AB57CEB00F27F4C /* Persistence.swift in Sources */,
				3096CBB92AB7FE760078A110 /* CaloricInfo+CoreDataClass.swift in Sources */,
			);
			runOnlyForDeploymentPostprocessing = 0;
		};
/* End PBXSourcesBuildPhase section */

/* Begin XCBuildConfiguration section */
		30578D882AB57CEC00F27F4C /* Debug */ = {
			isa = XCBuildConfiguration;
			buildSettings = {
				ALWAYS_SEARCH_USER_PATHS = NO;
				CLANG_ANALYZER_NONNULL = YES;
				CLANG_ANALYZER_NUMBER_OBJECT_CONVERSION = YES_AGGRESSIVE;
				CLANG_CXX_LANGUAGE_STANDARD = "gnu++20";
				CLANG_ENABLE_MODULES = YES;
				CLANG_ENABLE_OBJC_ARC = YES;
				CLANG_ENABLE_OBJC_WEAK = YES;
				CLANG_WARN_BLOCK_CAPTURE_AUTORELEASING = YES;
				CLANG_WARN_BOOL_CONVERSION = YES;
				CLANG_WARN_COMMA = YES;
				CLANG_WARN_CONSTANT_CONVERSION = YES;
				CLANG_WARN_DEPRECATED_OBJC_IMPLEMENTATIONS = YES;
				CLANG_WARN_DIRECT_OBJC_ISA_USAGE = YES_ERROR;
				CLANG_WARN_DOCUMENTATION_COMMENTS = YES;
				CLANG_WARN_EMPTY_BODY = YES;
				CLANG_WARN_ENUM_CONVERSION = YES;
				CLANG_WARN_INFINITE_RECURSION = YES;
				CLANG_WARN_INT_CONVERSION = YES;
				CLANG_WARN_NON_LITERAL_NULL_CONVERSION = YES;
				CLANG_WARN_OBJC_IMPLICIT_RETAIN_SELF = YES;
				CLANG_WARN_OBJC_LITERAL_CONVERSION = YES;
				CLANG_WARN_OBJC_ROOT_CLASS = YES_ERROR;
				CLANG_WARN_QUOTED_INCLUDE_IN_FRAMEWORK_HEADER = YES;
				CLANG_WARN_RANGE_LOOP_ANALYSIS = YES;
				CLANG_WARN_STRICT_PROTOTYPES = YES;
				CLANG_WARN_SUSPICIOUS_MOVE = YES;
				CLANG_WARN_UNGUARDED_AVAILABILITY = YES_AGGRESSIVE;
				CLANG_WARN_UNREACHABLE_CODE = YES;
				CLANG_WARN__DUPLICATE_METHOD_MATCH = YES;
				COPY_PHASE_STRIP = NO;
				DEAD_CODE_STRIPPING = YES;
				DEBUG_INFORMATION_FORMAT = dwarf;
				ENABLE_STRICT_OBJC_MSGSEND = YES;
				ENABLE_TESTABILITY = YES;
				GCC_C_LANGUAGE_STANDARD = gnu11;
				GCC_DYNAMIC_NO_PIC = NO;
				GCC_NO_COMMON_BLOCKS = YES;
				GCC_OPTIMIZATION_LEVEL = 0;
				GCC_PREPROCESSOR_DEFINITIONS = (
					"DEBUG=1",
					"$(inherited)",
				);
				GCC_WARN_64_TO_32_BIT_CONVERSION = YES;
				GCC_WARN_ABOUT_RETURN_TYPE = YES_ERROR;
				GCC_WARN_UNDECLARED_SELECTOR = YES;
				GCC_WARN_UNINITIALIZED_AUTOS = YES_AGGRESSIVE;
				GCC_WARN_UNUSED_FUNCTION = YES;
				GCC_WARN_UNUSED_VARIABLE = YES;
				MTL_ENABLE_DEBUG_INFO = INCLUDE_SOURCE;
				MTL_FAST_MATH = YES;
				ONLY_ACTIVE_ARCH = YES;
				SWIFT_ACTIVE_COMPILATION_CONDITIONS = DEBUG;
				SWIFT_OPTIMIZATION_LEVEL = "-Onone";
			};
			name = Debug;
		};
		30578D892AB57CEC00F27F4C /* Release */ = {
			isa = XCBuildConfiguration;
			buildSettings = {
				ALWAYS_SEARCH_USER_PATHS = NO;
				CLANG_ANALYZER_NONNULL = YES;
				CLANG_ANALYZER_NUMBER_OBJECT_CONVERSION = YES_AGGRESSIVE;
				CLANG_CXX_LANGUAGE_STANDARD = "gnu++20";
				CLANG_ENABLE_MODULES = YES;
				CLANG_ENABLE_OBJC_ARC = YES;
				CLANG_ENABLE_OBJC_WEAK = YES;
				CLANG_WARN_BLOCK_CAPTURE_AUTORELEASING = YES;
				CLANG_WARN_BOOL_CONVERSION = YES;
				CLANG_WARN_COMMA = YES;
				CLANG_WARN_CONSTANT_CONVERSION = YES;
				CLANG_WARN_DEPRECATED_OBJC_IMPLEMENTATIONS = YES;
				CLANG_WARN_DIRECT_OBJC_ISA_USAGE = YES_ERROR;
				CLANG_WARN_DOCUMENTATION_COMMENTS = YES;
				CLANG_WARN_EMPTY_BODY = YES;
				CLANG_WARN_ENUM_CONVERSION = YES;
				CLANG_WARN_INFINITE_RECURSION = YES;
				CLANG_WARN_INT_CONVERSION = YES;
				CLANG_WARN_NON_LITERAL_NULL_CONVERSION = YES;
				CLANG_WARN_OBJC_IMPLICIT_RETAIN_SELF = YES;
				CLANG_WARN_OBJC_LITERAL_CONVERSION = YES;
				CLANG_WARN_OBJC_ROOT_CLASS = YES_ERROR;
				CLANG_WARN_QUOTED_INCLUDE_IN_FRAMEWORK_HEADER = YES;
				CLANG_WARN_RANGE_LOOP_ANALYSIS = YES;
				CLANG_WARN_STRICT_PROTOTYPES = YES;
				CLANG_WARN_SUSPICIOUS_MOVE = YES;
				CLANG_WARN_UNGUARDED_AVAILABILITY = YES_AGGRESSIVE;
				CLANG_WARN_UNREACHABLE_CODE = YES;
				CLANG_WARN__DUPLICATE_METHOD_MATCH = YES;
				COPY_PHASE_STRIP = NO;
				DEAD_CODE_STRIPPING = YES;
				DEBUG_INFORMATION_FORMAT = "dwarf-with-dsym";
				ENABLE_NS_ASSERTIONS = NO;
				ENABLE_STRICT_OBJC_MSGSEND = YES;
				GCC_C_LANGUAGE_STANDARD = gnu11;
				GCC_NO_COMMON_BLOCKS = YES;
				GCC_WARN_64_TO_32_BIT_CONVERSION = YES;
				GCC_WARN_ABOUT_RETURN_TYPE = YES_ERROR;
				GCC_WARN_UNDECLARED_SELECTOR = YES;
				GCC_WARN_UNINITIALIZED_AUTOS = YES_AGGRESSIVE;
				GCC_WARN_UNUSED_FUNCTION = YES;
				GCC_WARN_UNUSED_VARIABLE = YES;
				MTL_ENABLE_DEBUG_INFO = NO;
				MTL_FAST_MATH = YES;
				SWIFT_COMPILATION_MODE = wholemodule;
				SWIFT_OPTIMIZATION_LEVEL = "-O";
			};
			name = Release;
		};
		30578D8B2AB57CEC00F27F4C /* Debug */ = {
			isa = XCBuildConfiguration;
			buildSettings = {
				ASSETCATALOG_COMPILER_APPICON_NAME = AppIcon;
				ASSETCATALOG_COMPILER_GLOBAL_ACCENT_COLOR_NAME = AccentColor;
				CODE_SIGN_ENTITLEMENTS = CalorieTracking/CalorieTracking.entitlements;
				CODE_SIGN_STYLE = Automatic;
				CURRENT_PROJECT_VERSION = 1;
				DEAD_CODE_STRIPPING = YES;
				DEVELOPMENT_ASSET_PATHS = "\"CalorieTracking/Preview Content\"";
				DEVELOPMENT_TEAM = FM56W8W83Q;
				ENABLE_HARDENED_RUNTIME = YES;
				ENABLE_PREVIEWS = YES;
				GENERATE_INFOPLIST_FILE = YES;
				"INFOPLIST_KEY_UIApplicationSceneManifest_Generation[sdk=iphoneos*]" = YES;
				"INFOPLIST_KEY_UIApplicationSceneManifest_Generation[sdk=iphonesimulator*]" = YES;
				"INFOPLIST_KEY_UIApplicationSupportsIndirectInputEvents[sdk=iphoneos*]" = YES;
				"INFOPLIST_KEY_UIApplicationSupportsIndirectInputEvents[sdk=iphonesimulator*]" = YES;
				"INFOPLIST_KEY_UILaunchScreen_Generation[sdk=iphoneos*]" = YES;
				"INFOPLIST_KEY_UILaunchScreen_Generation[sdk=iphonesimulator*]" = YES;
				"INFOPLIST_KEY_UIStatusBarStyle[sdk=iphoneos*]" = UIStatusBarStyleDefault;
				"INFOPLIST_KEY_UIStatusBarStyle[sdk=iphonesimulator*]" = UIStatusBarStyleDefault;
				INFOPLIST_KEY_UISupportedInterfaceOrientations_iPad = "UIInterfaceOrientationPortrait UIInterfaceOrientationPortraitUpsideDown UIInterfaceOrientationLandscapeLeft UIInterfaceOrientationLandscapeRight";
				INFOPLIST_KEY_UISupportedInterfaceOrientations_iPhone = "UIInterfaceOrientationPortrait UIInterfaceOrientationLandscapeLeft UIInterfaceOrientationLandscapeRight";
				IPHONEOS_DEPLOYMENT_TARGET = 16.4;
				LD_RUNPATH_SEARCH_PATHS = "@executable_path/Frameworks";
				"LD_RUNPATH_SEARCH_PATHS[sdk=macosx*]" = "@executable_path/../Frameworks";
				MACOSX_DEPLOYMENT_TARGET = 13.3;
				MARKETING_VERSION = 1.0;
				PRODUCT_BUNDLE_IDENTIFIER = sara.CalorieTracking;
				PRODUCT_NAME = "$(TARGET_NAME)";
				SDKROOT = auto;
				SUPPORTED_PLATFORMS = "iphoneos iphonesimulator macosx";
				SWIFT_EMIT_LOC_STRINGS = YES;
				SWIFT_VERSION = 5.0;
				TARGETED_DEVICE_FAMILY = "1,2";
			};
			name = Debug;
		};
		30578D8C2AB57CEC00F27F4C /* Release */ = {
			isa = XCBuildConfiguration;
			buildSettings = {
				ASSETCATALOG_COMPILER_APPICON_NAME = AppIcon;
				ASSETCATALOG_COMPILER_GLOBAL_ACCENT_COLOR_NAME = AccentColor;
				CODE_SIGN_ENTITLEMENTS = CalorieTracking/CalorieTracking.entitlements;
				CODE_SIGN_STYLE = Automatic;
				CURRENT_PROJECT_VERSION = 1;
				DEAD_CODE_STRIPPING = YES;
				DEVELOPMENT_ASSET_PATHS = "\"CalorieTracking/Preview Content\"";
				DEVELOPMENT_TEAM = FM56W8W83Q;
				ENABLE_HARDENED_RUNTIME = YES;
				ENABLE_PREVIEWS = YES;
				GENERATE_INFOPLIST_FILE = YES;
				"INFOPLIST_KEY_UIApplicationSceneManifest_Generation[sdk=iphoneos*]" = YES;
				"INFOPLIST_KEY_UIApplicationSceneManifest_Generation[sdk=iphonesimulator*]" = YES;
				"INFOPLIST_KEY_UIApplicationSupportsIndirectInputEvents[sdk=iphoneos*]" = YES;
				"INFOPLIST_KEY_UIApplicationSupportsIndirectInputEvents[sdk=iphonesimulator*]" = YES;
				"INFOPLIST_KEY_UILaunchScreen_Generation[sdk=iphoneos*]" = YES;
				"INFOPLIST_KEY_UILaunchScreen_Generation[sdk=iphonesimulator*]" = YES;
				"INFOPLIST_KEY_UIStatusBarStyle[sdk=iphoneos*]" = UIStatusBarStyleDefault;
				"INFOPLIST_KEY_UIStatusBarStyle[sdk=iphonesimulator*]" = UIStatusBarStyleDefault;
				INFOPLIST_KEY_UISupportedInterfaceOrientations_iPad = "UIInterfaceOrientationPortrait UIInterfaceOrientationPortraitUpsideDown UIInterfaceOrientationLandscapeLeft UIInterfaceOrientationLandscapeRight";
				INFOPLIST_KEY_UISupportedInterfaceOrientations_iPhone = "UIInterfaceOrientationPortrait UIInterfaceOrientationLandscapeLeft UIInterfaceOrientationLandscapeRight";
				IPHONEOS_DEPLOYMENT_TARGET = 16.4;
				LD_RUNPATH_SEARCH_PATHS = "@executable_path/Frameworks";
				"LD_RUNPATH_SEARCH_PATHS[sdk=macosx*]" = "@executable_path/../Frameworks";
				MACOSX_DEPLOYMENT_TARGET = 13.3;
				MARKETING_VERSION = 1.0;
				PRODUCT_BUNDLE_IDENTIFIER = sara.CalorieTracking;
				PRODUCT_NAME = "$(TARGET_NAME)";
				SDKROOT = auto;
				SUPPORTED_PLATFORMS = "iphoneos iphonesimulator macosx";
				SWIFT_EMIT_LOC_STRINGS = YES;
				SWIFT_VERSION = 5.0;
				TARGETED_DEVICE_FAMILY = "1,2";
			};
			name = Release;
		};
/* End XCBuildConfiguration section */

/* Begin XCConfigurationList section */
		30578D712AB57CEB00F27F4C /* Build configuration list for PBXProject "CalorieTracking" */ = {
			isa = XCConfigurationList;
			buildConfigurations = (
				30578D882AB57CEC00F27F4C /* Debug */,
				30578D892AB57CEC00F27F4C /* Release */,
			);
			defaultConfigurationIsVisible = 0;
			defaultConfigurationName = Release;
		};
		30578D8A2AB57CEC00F27F4C /* Build configuration list for PBXNativeTarget "CalorieTracking" */ = {
			isa = XCConfigurationList;
			buildConfigurations = (
				30578D8B2AB57CEC00F27F4C /* Debug */,
				30578D8C2AB57CEC00F27F4C /* Release */,
			);
			defaultConfigurationIsVisible = 0;
			defaultConfigurationName = Release;
		};
/* End XCConfigurationList section */

/* Begin XCRemoteSwiftPackageReference section */
		30578D8E2AB57D9900F27F4C /* XCRemoteSwiftPackageReference "ConfettiSwiftUI" */ = {
			isa = XCRemoteSwiftPackageReference;
			repositoryURL = "https://github.com/simibac/ConfettiSwiftUI";
			requirement = {
				kind = upToNextMajorVersion;
				minimumVersion = 1.0.0;
			};
		};
/* End XCRemoteSwiftPackageReference section */

/* Begin XCSwiftPackageProductDependency section */
		30578D8F2AB57D9900F27F4C /* ConfettiSwiftUI */ = {
			isa = XCSwiftPackageProductDependency;
			package = 30578D8E2AB57D9900F27F4C /* XCRemoteSwiftPackageReference "ConfettiSwiftUI" */;
			productName = ConfettiSwiftUI;
		};
/* End XCSwiftPackageProductDependency section */

/* Begin XCVersionGroup section */
		30578D7D2AB57CEB00F27F4C /* CalorieTracking.xcdatamodeld */ = {
			isa = XCVersionGroup;
			children = (
				30578D7E2AB57CEB00F27F4C /* CalorieTracking.xcdatamodel */,
			);
			currentVersion = 30578D7E2AB57CEB00F27F4C /* CalorieTracking.xcdatamodel */;
			path = CalorieTracking.xcdatamodeld;
			sourceTree = "<group>";
			versionGroupType = wrapper.xcdatamodel;
		};
/* End XCVersionGroup section */
	};
	rootObject = 30578D6E2AB57CEB00F27F4C /* Project object */;
}
